{
	"name": "hugo_baseghsvs",
	"version": "2022.05.03",
	"lockfileVersion": 2,
	"requires": true,
	"packages": {
		"": {
			"name": "hugo_baseghsvs",
			"version": "2022.05.03",
			"dependencies": {
				"anchor-js": "^4.3.1",
				"bootstrap": "^5.1.3",
				"clipboard": "^2.0.10",
				"dyscrollupjs": "^2.0.0",
				"venobox": "^2.0.4"
			},
			"devDependencies": {}
		},
		"node_modules/@popperjs/core": {
			"version": "2.11.5",
			"resolved": "https://registry.npmjs.org/@popperjs/core/-/core-2.11.5.tgz",
			"integrity": "sha512-9X2obfABZuDVLCgPK9aX0a/x4jaOEweTTWE2+9sr0Qqqevj2Uv5XorvusThmc9XGYpS9yI+fhh8RTafBtGposw==",
			"peer": true,
			"funding": {
				"type": "opencollective",
				"url": "https://opencollective.com/popperjs"
			}
		},
		"node_modules/anchor-js": {
			"version": "4.3.1",
			"resolved": "https://registry.npmjs.org/anchor-js/-/anchor-js-4.3.1.tgz",
			"integrity": "sha512-TziERoibspey7KSm95oIdzTxiogXonJl7inQI07Y3cI25DKQaLkUftB7RhCuSb1GcwunHL6/PcIKM4dDUb9xYQ=="
		},
		"node_modules/bootstrap": {
			"version": "5.1.3",
			"resolved": "https://registry.npmjs.org/bootstrap/-/bootstrap-5.1.3.tgz",
			"integrity": "sha512-fcQztozJ8jToQWXxVuEyXWW+dSo8AiXWKwiSSrKWsRB/Qt+Ewwza+JWoLKiTuQLaEPhdNAJ7+Dosc9DOIqNy7Q==",
			"funding": {
				"type": "opencollective",
				"url": "https://opencollective.com/bootstrap"
			},
			"peerDependencies": {
				"@popperjs/core": "^2.10.2"
			}
		},
		"node_modules/clipboard": {
			"version": "2.0.10",
			"resolved": "https://registry.npmjs.org/clipboard/-/clipboard-2.0.10.tgz",
			"integrity": "sha512-cz3m2YVwFz95qSEbCDi2fzLN/epEN9zXBvfgAoGkvGOJZATMl9gtTDVOtBYkx2ODUJl2kvmud7n32sV2BpYR4g==",
			"dependencies": {
				"good-listener": "^1.2.2",
				"select": "^1.1.2",
				"tiny-emitter": "^2.0.0"
			}
		},
		"node_modules/delegate": {
			"version": "3.2.0",
			"resolved": "https://registry.npmjs.org/delegate/-/delegate-3.2.0.tgz",
			"integrity": "sha512-IofjkYBZaZivn0V8nnsMJGBr4jVLxHDheKSW88PyxS5QC4Vo9ZbZVvhzlSxY87fVq3STR6r+4cGepyHkcWOQSw=="
		},
		"node_modules/dyscrollupjs": {
			"version": "2.0.0",
			"resolved": "https://registry.npmjs.org/dyscrollupjs/-/dyscrollupjs-2.0.0.tgz",
			"integrity": "sha512-UXJCjW8k1WQVcGvFuRwu4ClXN+E82JfpojKiO7lWJc3KlbgBlkRcSXH6uvZeVr/15YlHrCiouyBQ5nekY86IJg=="
		},
		"node_modules/good-listener": {
			"version": "1.2.2",
			"resolved": "https://registry.npmjs.org/good-listener/-/good-listener-1.2.2.tgz",
			"integrity": "sha1-1TswzfkxPf+33JoNR3CWqm0UXFA=",
			"dependencies": {
				"delegate": "^3.1.2"
			}
		},
		"node_modules/select": {
			"version": "1.1.2",
			"resolved": "https://registry.npmjs.org/select/-/select-1.1.2.tgz",
			"integrity": "sha1-DnNQrN7ICxEIUoeG7B1EGNEbOW0="
		},
		"node_modules/tiny-emitter": {
			"version": "2.1.0",
			"resolved": "https://registry.npmjs.org/tiny-emitter/-/tiny-emitter-2.1.0.tgz",
			"integrity": "sha512-NB6Dk1A9xgQPMoGqC5CVXn123gWyte215ONT5Pp5a0yt4nlEoO1ZWeCwpncaekPHXO60i47ihFnZPiRPjRMq4Q=="
		},
		"node_modules/venobox": {
			"version": "2.0.4",
			"resolved": "https://registry.npmjs.org/venobox/-/venobox-2.0.4.tgz",
			"integrity": "sha512-+AMA5+Y/Ul9uSUk0I4lYG0DLVJDZmRq1TWXr51jZSz+zPyLWx4Uxwh68W9nYoqqWFrsWJiZPVpr1xzYYSjQlDw=="
		}
	},
	"dependencies": {
		"@popperjs/core": {
			"version": "2.11.5",
			"resolved": "https://registry.npmjs.org/@popperjs/core/-/core-2.11.5.tgz",
			"integrity": "sha512-9X2obfABZuDVLCgPK9aX0a/x4jaOEweTTWE2+9sr0Qqqevj2Uv5XorvusThmc9XGYpS9yI+fhh8RTafBtGposw==",
			"peer": true
		},
		"anchor-js": {
			"version": "4.3.1",
			"resolved": "https://registry.npmjs.org/anchor-js/-/anchor-js-4.3.1.tgz",
			"integrity": "sha512-TziERoibspey7KSm95oIdzTxiogXonJl7inQI07Y3cI25DKQaLkUftB7RhCuSb1GcwunHL6/PcIKM4dDUb9xYQ=="
		},
		"bootstrap": {
			"version": "5.1.3",
			"resolved": "https://registry.npmjs.org/bootstrap/-/bootstrap-5.1.3.tgz",
			"integrity": "sha512-fcQztozJ8jToQWXxVuEyXWW+dSo8AiXWKwiSSrKWsRB/Qt+Ewwza+JWoLKiTuQLaEPhdNAJ7+Dosc9DOIqNy7Q==",
			"requires": {}
		},
		"clipboard": {
			"version": "2.0.10",
			"resolved": "https://registry.npmjs.org/clipboard/-/clipboard-2.0.10.tgz",
			"integrity": "sha512-cz3m2YVwFz95qSEbCDi2fzLN/epEN9zXBvfgAoGkvGOJZATMl9gtTDVOtBYkx2ODUJl2kvmud7n32sV2BpYR4g==",
			"requires": {
				"good-listener": "^1.2.2",
				"select": "^1.1.2",
				"tiny-emitter": "^2.0.0"
			}
		},
		"delegate": {
			"version": "3.2.0",
			"resolved": "https://registry.npmjs.org/delegate/-/delegate-3.2.0.tgz",
			"integrity": "sha512-IofjkYBZaZivn0V8nnsMJGBr4jVLxHDheKSW88PyxS5QC4Vo9ZbZVvhzlSxY87fVq3STR6r+4cGepyHkcWOQSw=="
		},
		"dyscrollupjs": {
			"version": "2.0.0",
			"resolved": "https://registry.npmjs.org/dyscrollupjs/-/dyscrollupjs-2.0.0.tgz",
			"integrity": "sha512-UXJCjW8k1WQVcGvFuRwu4ClXN+E82JfpojKiO7lWJc3KlbgBlkRcSXH6uvZeVr/15YlHrCiouyBQ5nekY86IJg=="
		},
		"good-listener": {
			"version": "1.2.2",
			"resolved": "https://registry.npmjs.org/good-listener/-/good-listener-1.2.2.tgz",
			"integrity": "sha1-1TswzfkxPf+33JoNR3CWqm0UXFA=",
			"requires": {
				"delegate": "^3.1.2"
			}
		},
		"select": {
			"version": "1.1.2",
			"resolved": "https://registry.npmjs.org/select/-/select-1.1.2.tgz",
			"integrity": "sha1-DnNQrN7ICxEIUoeG7B1EGNEbOW0="
		},
		"tiny-emitter": {
			"version": "2.1.0",
			"resolved": "https://registry.npmjs.org/tiny-emitter/-/tiny-emitter-2.1.0.tgz",
			"integrity": "sha512-NB6Dk1A9xgQPMoGqC5CVXn123gWyte215ONT5Pp5a0yt4nlEoO1ZWeCwpncaekPHXO60i47ihFnZPiRPjRMq4Q=="
		},
		"venobox": {
			"version": "2.0.4",
			"resolved": "https://registry.npmjs.org/venobox/-/venobox-2.0.4.tgz",
			"integrity": "sha512-+AMA5+Y/Ul9uSUk0I4lYG0DLVJDZmRq1TWXr51jZSz+zPyLWx4Uxwh68W9nYoqqWFrsWJiZPVpr1xzYYSjQlDw=="
		}
	}
}
